// !$*UTF8*$!
{
	archiveVersion = 1;
	classes = {
	};
	objectVersion = 56;
	objects = {

/* Begin PBXBuildFile section */
		ADCE05F128EB2A6B002D1F97 /* Intergalactic_TravelApp.swift in Sources */ = {isa = PBXBuildFile; fileRef = ADCE05F028EB2A6B002D1F97 /* Intergalactic_TravelApp.swift */; };
		ADCE05F328EB2A6B002D1F97 /* ContentView.swift in Sources */ = {isa = PBXBuildFile; fileRef = ADCE05F228EB2A6B002D1F97 /* ContentView.swift */; };
		ADCE05F528EB2A6C002D1F97 /* Assets.xcassets in Resources */ = {isa = PBXBuildFile; fileRef = ADCE05F428EB2A6C002D1F97 /* Assets.xcassets */; };
		ADCE05F828EB2A6C002D1F97 /* Preview Assets.xcassets in Resources */ = {isa = PBXBuildFile; fileRef = ADCE05F728EB2A6C002D1F97 /* Preview Assets.xcassets */; };
		ADCE060228EB2A6D002D1F97 /* Intergalactic_TravelTests.swift in Sources */ = {isa = PBXBuildFile; fileRef = ADCE060128EB2A6D002D1F97 /* Intergalactic_TravelTests.swift */; };
		ADCE060C28EB2A6D002D1F97 /* Intergalactic_TravelUITests.swift in Sources */ = {isa = PBXBuildFile; fileRef = ADCE060B28EB2A6D002D1F97 /* Intergalactic_TravelUITests.swift */; };
		ADCE060E28EB2A6D002D1F97 /* Intergalactic_TravelUITestsLaunchTests.swift in Sources */ = {isa = PBXBuildFile; fileRef = ADCE060D28EB2A6D002D1F97 /* Intergalactic_TravelUITestsLaunchTests.swift */; };
/* End PBXBuildFile section */

/* Begin PBXContainerItemProxy section */
		ADCE05FE28EB2A6D002D1F97 /* PBXContainerItemProxy */ = {
			isa = PBXContainerItemProxy;
			containerPortal = ADCE05E528EB2A6B002D1F97 /* Project object */;
			proxyType = 1;
			remoteGlobalIDString = ADCE05EC28EB2A6B002D1F97;
			remoteInfo = "Intergalactic Travel";
		};
		ADCE060828EB2A6D002D1F97 /* PBXContainerItemProxy */ = {
			isa = PBXContainerItemProxy;
			containerPortal = ADCE05E528EB2A6B002D1F97 /* Project object */;
			proxyType = 1;
			remoteGlobalIDString = ADCE05EC28EB2A6B002D1F97;
			remoteInfo = "Intergalactic Travel";
		};
/* End PBXContainerItemProxy section */

/* Begin PBXFileReference section */
		ADCE05ED28EB2A6B002D1F97 /* Intergalactic Travel.app */ = {isa = PBXFileReference; explicitFileType = wrapper.application; includeInIndex = 0; path = "Intergalactic Travel.app"; sourceTree = BUILT_PRODUCTS_DIR; };
		ADCE05F028EB2A6B002D1F97 /* Intergalactic_TravelApp.swift */ = {isa = PBXFileReference; lastKnownFileType = sourcecode.swift; path = Intergalactic_TravelApp.swift; sourceTree = "<group>"; };
		ADCE05F228EB2A6B002D1F97 /* ContentView.swift */ = {isa = PBXFileReference; lastKnownFileType = sourcecode.swift; path = ContentView.swift; sourceTree = "<group>"; };
		ADCE05F428EB2A6C002D1F97 /* Assets.xcassets */ = {isa = PBXFileReference; lastKnownFileType = folder.assetcatalog; path = Assets.xcassets; sourceTree = "<group>"; };
		ADCE05F728EB2A6C002D1F97 /* Preview Assets.xcassets */ = {isa = PBXFileReference; lastKnownFileType = folder.assetcatalog; path = "Preview Assets.xcassets"; sourceTree = "<group>"; };
		ADCE05FD28EB2A6D002D1F97 /* Intergalactic TravelTests.xctest */ = {isa = PBXFileReference; explicitFileType = wrapper.cfbundle; includeInIndex = 0; path = "Intergalactic TravelTests.xctest"; sourceTree = BUILT_PRODUCTS_DIR; };
		ADCE060128EB2A6D002D1F97 /* Intergalactic_TravelTests.swift */ = {isa = PBXFileReference; lastKnownFileType = sourcecode.swift; path = Intergalactic_TravelTests.swift; sourceTree = "<group>"; };
		ADCE060728EB2A6D002D1F97 /* Intergalactic TravelUITests.xctest */ = {isa = PBXFileReference; explicitFileType = wrapper.cfbundle; includeInIndex = 0; path = "Intergalactic TravelUITests.xctest"; sourceTree = BUILT_PRODUCTS_DIR; };
		ADCE060B28EB2A6D002D1F97 /* Intergalactic_TravelUITests.swift */ = {isa = PBXFileReference; lastKnownFileType = sourcecode.swift; path = Intergalactic_TravelUITests.swift; sourceTree = "<group>"; };
		ADCE060D28EB2A6D002D1F97 /* Intergalactic_TravelUITestsLaunchTests.swift */ = {isa = PBXFileReference; lastKnownFileType = sourcecode.swift; path = Intergalactic_TravelUITestsLaunchTests.swift; sourceTree = "<group>"; };
/* End PBXFileReference section */

/* Begin PBXFrameworksBuildPhase section */
		ADCE05EA28EB2A6B002D1F97 /* Frameworks */ = {
			isa = PBXFrameworksBuildPhase;
			buildActionMask = 2147483647;
			files = (
			);
			runOnlyForDeploymentPostprocessing = 0;
		};
		ADCE05FA28EB2A6D002D1F97 /* Frameworks */ = {
			isa = PBXFrameworksBuildPhase;
			buildActionMask = 2147483647;
			files = (
			);
			runOnlyForDeploymentPostprocessing = 0;
		};
		ADCE060428EB2A6D002D1F97 /* Frameworks */ = {
			isa = PBXFrameworksBuildPhase;
			buildActionMask = 2147483647;
			files = (
			);
			runOnlyForDeploymentPostprocessing = 0;
		};
/* End PBXFrameworksBuildPhase section */

/* Begin PBXGroup section */
		ADCE05E428EB2A6B002D1F97 = {
			isa = PBXGroup;
			children = (
				ADCE05EF28EB2A6B002D1F97 /* Intergalactic Travel */,
				ADCE060028EB2A6D002D1F97 /* Intergalactic TravelTests */,
				ADCE060A28EB2A6D002D1F97 /* Intergalactic TravelUITests */,
				ADCE05EE28EB2A6B002D1F97 /* Products */,
			);
			sourceTree = "<group>";
		};
		ADCE05EE28EB2A6B002D1F97 /* Products */ = {
			isa = PBXGroup;
			children = (
				ADCE05ED28EB2A6B002D1F97 /* Intergalactic Travel.app */,
				ADCE05FD28EB2A6D002D1F97 /* Intergalactic TravelTests.xctest */,
				ADCE060728EB2A6D002D1F97 /* Intergalactic TravelUITests.xctest */,
			);
			name = Products;
			sourceTree = "<group>";
		};
		ADCE05EF28EB2A6B002D1F97 /* Intergalactic Travel */ = {
			isa = PBXGroup;
			children = (
				ADCE05F028EB2A6B002D1F97 /* Intergalactic_TravelApp.swift */,
				ADCE05F228EB2A6B002D1F97 /* ContentView.swift */,
				ADCE05F428EB2A6C002D1F97 /* Assets.xcassets */,
				ADCE05F628EB2A6C002D1F97 /* Preview Content */,
			);
			path = "Intergalactic Travel";
			sourceTree = "<group>";
		};
		ADCE05F628EB2A6C002D1F97 /* Preview Content */ = {
			isa = PBXGroup;
			children = (
				ADCE05F728EB2A6C002D1F97 /* Preview Assets.xcassets */,
			);
			path = "Preview Content";
			sourceTree = "<group>";
		};
		ADCE060028EB2A6D002D1F97 /* Intergalactic TravelTests */ = {
			isa = PBXGroup;
			children = (
				ADCE060128EB2A6D002D1F97 /* Intergalactic_TravelTests.swift */,
			);
			path = "Intergalactic TravelTests";
			sourceTree = "<group>";
		};
		ADCE060A28EB2A6D002D1F97 /* Intergalactic TravelUITests */ = {
			isa = PBXGroup;
			children = (
				ADCE060B28EB2A6D002D1F97 /* Intergalactic_TravelUITests.swift */,
				ADCE060D28EB2A6D002D1F97 /* Intergalactic_TravelUITestsLaunchTests.swift */,
			);
			path = "Intergalactic TravelUITests";
			sourceTree = "<group>";
		};
/* End PBXGroup section */

/* Begin PBXNativeTarget section */
		ADCE05EC28EB2A6B002D1F97 /* Intergalactic Travel */ = {
			isa = PBXNativeTarget;
			buildConfigurationList = ADCE061128EB2A6D002D1F97 /* Build configuration list for PBXNativeTarget "Intergalactic Travel" */;
			buildPhases = (
				ADCE05E928EB2A6B002D1F97 /* Sources */,
				ADCE05EA28EB2A6B002D1F97 /* Frameworks */,
				ADCE05EB28EB2A6B002D1F97 /* Resources */,
			);
			buildRules = (
			);
			dependencies = (
			);
			name = "Intergalactic Travel";
			productName = "Intergalactic Travel";
			productReference = ADCE05ED28EB2A6B002D1F97 /* Intergalactic Travel.app */;
			productType = "com.apple.product-type.application";
		};
		ADCE05FC28EB2A6D002D1F97 /* Intergalactic TravelTests */ = {
			isa = PBXNativeTarget;
			buildConfigurationList = ADCE061428EB2A6D002D1F97 /* Build configuration list for PBXNativeTarget "Intergalactic TravelTests" */;
			buildPhases = (
				ADCE05F928EB2A6D002D1F97 /* Sources */,
				ADCE05FA28EB2A6D002D1F97 /* Frameworks */,
				ADCE05FB28EB2A6D002D1F97 /* Resources */,
			);
			buildRules = (
			);
			dependencies = (
				ADCE05FF28EB2A6D002D1F97 /* PBXTargetDependency */,
			);
			name = "Intergalactic TravelTests";
			productName = "Intergalactic TravelTests";
			productReference = ADCE05FD28EB2A6D002D1F97 /* Intergalactic TravelTests.xctest */;
			productType = "com.apple.product-type.bundle.unit-test";
		};
		ADCE060628EB2A6D002D1F97 /* Intergalactic TravelUITests */ = {
			isa = PBXNativeTarget;
			buildConfigurationList = ADCE061728EB2A6D002D1F97 /* Build configuration list for PBXNativeTarget "Intergalactic TravelUITests" */;
			buildPhases = (
				ADCE060328EB2A6D002D1F97 /* Sources */,
				ADCE060428EB2A6D002D1F97 /* Frameworks */,
				ADCE060528EB2A6D002D1F97 /* Resources */,
			);
			buildRules = (
			);
			dependencies = (
				ADCE060928EB2A6D002D1F97 /* PBXTargetDependency */,
			);
			name = "Intergalactic TravelUITests";
			productName = "Intergalactic TravelUITests";
			productReference = ADCE060728EB2A6D002D1F97 /* Intergalactic TravelUITests.xctest */;
			productType = "com.apple.product-type.bundle.ui-testing";
		};
/* End PBXNativeTarget section */

/* Begin PBXProject section */
		ADCE05E528EB2A6B002D1F97 /* Project object */ = {
			isa = PBXProject;
			attributes = {
				BuildIndependentTargetsInParallel = 1;
				LastSwiftUpdateCheck = 1400;
				LastUpgradeCheck = 1400;
				TargetAttributes = {
					ADCE05EC28EB2A6B002D1F97 = {
						CreatedOnToolsVersion = 14.0;
					};
					ADCE05FC28EB2A6D002D1F97 = {
						CreatedOnToolsVersion = 14.0;
						TestTargetID = ADCE05EC28EB2A6B002D1F97;
					};
					ADCE060628EB2A6D002D1F97 = {
						CreatedOnToolsVersion = 14.0;
						TestTargetID = ADCE05EC28EB2A6B002D1F97;
					};
				};
			};
			buildConfigurationList = ADCE05E828EB2A6B002D1F97 /* Build configuration list for PBXProject "Intergalactic Travel" */;
			compatibilityVersion = "Xcode 14.0";
			developmentRegion = en;
			hasScannedForEncodings = 0;
			knownRegions = (
				en,
				Base,
			);
			mainGroup = ADCE05E428EB2A6B002D1F97;
			productRefGroup = ADCE05EE28EB2A6B002D1F97 /* Products */;
			projectDirPath = "";
			projectRoot = "";
			targets = (
				ADCE05EC28EB2A6B002D1F97 /* Intergalactic Travel */,
				ADCE05FC28EB2A6D002D1F97 /* Intergalactic TravelTests */,
				ADCE060628EB2A6D002D1F97 /* Intergalactic TravelUITests */,
			);
		};
/* End PBXProject section */

/* Begin PBXResourcesBuildPhase section */
		ADCE05EB28EB2A6B002D1F97 /* Resources */ = {
			isa = PBXResourcesBuildPhase;
			buildActionMask = 2147483647;
			files = (
				ADCE05F828EB2A6C002D1F97 /* Preview Assets.xcassets in Resources */,
				ADCE05F528EB2A6C002D1F97 /* Assets.xcassets in Resources */,
			);
			runOnlyForDeploymentPostprocessing = 0;
		};
		ADCE05FB28EB2A6D002D1F97 /* Resources */ = {
			isa = PBXResourcesBuildPhase;
			buildActionMask = 2147483647;
			files = (
			);
			runOnlyForDeploymentPostprocessing = 0;
		};
		ADCE060528EB2A6D002D1F97 /* Resources */ = {
			isa = PBXResourcesBuildPhase;
			buildActionMask = 2147483647;
			files = (
			);
			runOnlyForDeploymentPostprocessing = 0;
		};
/* End PBXResourcesBuildPhase section */

/* Begin PBXSourcesBuildPhase section */
		ADCE05E928EB2A6B002D1F97 /* Sources */ = {
			isa = PBXSourcesBuildPhase;
			buildActionMask = 2147483647;
			files = (
				ADCE05F328EB2A6B002D1F97 /* ContentView.swift in Sources */,
				ADCE05F128EB2A6B002D1F97 /* Intergalactic_TravelApp.swift in Sources */,
			);
			runOnlyForDeploymentPostprocessing = 0;
		};
		ADCE05F928EB2A6D002D1F97 /* Sources */ = {
			isa = PBXSourcesBuildPhase;
			buildActionMask = 2147483647;
			files = (
				ADCE060228EB2A6D002D1F97 /* Intergalactic_TravelTests.swift in Sources */,
			);
			runOnlyForDeploymentPostprocessing = 0;
		};
		ADCE060328EB2A6D002D1F97 /* Sources */ = {
			isa = PBXSourcesBuildPhase;
			buildActionMask = 2147483647;
			files = (
				ADCE060C28EB2A6D002D1F97 /* Intergalactic_TravelUITests.swift in Sources */,
				ADCE060E28EB2A6D002D1F97 /* Intergalactic_TravelUITestsLaunchTests.swift in Sources */,
			);
			runOnlyForDeploymentPostprocessing = 0;
		};
/* End PBXSourcesBuildPhase section */

/* Begin PBXTargetDependency section */
		ADCE05FF28EB2A6D002D1F97 /* PBXTargetDependency */ = {
			isa = PBXTargetDependency;
			target = ADCE05EC28EB2A6B002D1F97 /* Intergalactic Travel */;
			targetProxy = ADCE05FE28EB2A6D002D1F97 /* PBXContainerItemProxy */;
		};
		ADCE060928EB2A6D002D1F97 /* PBXTargetDependency */ = {
			isa = PBXTargetDependency;
			target = ADCE05EC28EB2A6B002D1F97 /* Intergalactic Travel */;
			targetProxy = ADCE060828EB2A6D002D1F97 /* PBXContainerItemProxy */;
		};
/* End PBXTargetDependency section */

/* Begin XCBuildConfiguration section */
		ADCE060F28EB2A6D002D1F97 /* Debug */ = {
			isa = XCBuildConfiguration;
			buildSettings = {
				ALWAYS_SEARCH_USER_PATHS = NO;
				CLANG_ANALYZER_NONNULL = YES;
				CLANG_ANALYZER_NUMBER_OBJECT_CONVERSION = YES_AGGRESSIVE;
				CLANG_CXX_LANGUAGE_STANDARD = "gnu++20";
				CLANG_ENABLE_MODULES = YES;
				CLANG_ENABLE_OBJC_ARC = YES;
				CLANG_ENABLE_OBJC_WEAK = YES;
				CLANG_WARN_BLOCK_CAPTURE_AUTORELEASING = YES;
				CLANG_WARN_BOOL_CONVERSION = YES;
				CLANG_WARN_COMMA = YES;
				CLANG_WARN_CONSTANT_CONVERSION = YES;
				CLANG_WARN_DEPRECATED_OBJC_IMPLEMENTATIONS = YES;
				CLANG_WARN_DIRECT_OBJC_ISA_USAGE = YES_ERROR;
				CLANG_WARN_DOCUMENTATION_COMMENTS = YES;
				CLANG_WARN_EMPTY_BODY = YES;
				CLANG_WARN_ENUM_CONVERSION = YES;
				CLANG_WARN_INFINITE_RECURSION = YES;
				CLANG_WARN_INT_CONVERSION = YES;
				CLANG_WARN_NON_LITERAL_NULL_CONVERSION = YES;
				CLANG_WARN_OBJC_IMPLICIT_RETAIN_SELF = YES;
				CLANG_WARN_OBJC_LITERAL_CONVERSION = YES;
				CLANG_WARN_OBJC_ROOT_CLASS = YES_ERROR;
				CLANG_WARN_QUOTED_INCLUDE_IN_FRAMEWORK_HEADER = YES;
				CLANG_WARN_RANGE_LOOP_ANALYSIS = YES;
				CLANG_WARN_STRICT_PROTOTYPES = YES;
				CLANG_WARN_SUSPICIOUS_MOVE = YES;
				CLANG_WARN_UNGUARDED_AVAILABILITY = YES_AGGRESSIVE;
				CLANG_WARN_UNREACHABLE_CODE = YES;
				CLANG_WARN__DUPLICATE_METHOD_MATCH = YES;
				COPY_PHASE_STRIP = NO;
				DEBUG_INFORMATION_FORMAT = dwarf;
				ENABLE_STRICT_OBJC_MSGSEND = YES;
				ENABLE_TESTABILITY = YES;
				GCC_C_LANGUAGE_STANDARD = gnu11;
				GCC_DYNAMIC_NO_PIC = NO;
				GCC_NO_COMMON_BLOCKS = YES;
				GCC_OPTIMIZATION_LEVEL = 0;
				GCC_PREPROCESSOR_DEFINITIONS = (
					"DEBUG=1",
					"$(inherited)",
				);
				GCC_WARN_64_TO_32_BIT_CONVERSION = YES;
				GCC_WARN_ABOUT_RETURN_TYPE = YES_ERROR;
				GCC_WARN_UNDECLARED_SELECTOR = YES;
				GCC_WARN_UNINITIALIZED_AUTOS = YES_AGGRESSIVE;
				GCC_WARN_UNUSED_FUNCTION = YES;
				GCC_WARN_UNUSED_VARIABLE = YES;
				IPHONEOS_DEPLOYMENT_TARGET = 16.0;
				MTL_ENABLE_DEBUG_INFO = INCLUDE_SOURCE;
				MTL_FAST_MATH = YES;
				ONLY_ACTIVE_ARCH = YES;
				SDKROOT = iphoneos;
				SWIFT_ACTIVE_COMPILATION_CONDITIONS = DEBUG;
				SWIFT_OPTIMIZATION_LEVEL = "-Onone";
			};
			name = Debug;
		};
		ADCE061028EB2A6D002D1F97 /* Release */ = {
			isa = XCBuildConfiguration;
			buildSettings = {
				ALWAYS_SEARCH_USER_PATHS = NO;
				CLANG_ANALYZER_NONNULL = YES;
				CLANG_ANALYZER_NUMBER_OBJECT_CONVERSION = YES_AGGRESSIVE;
				CLANG_CXX_LANGUAGE_STANDARD = "gnu++20";
				CLANG_ENABLE_MODULES = YES;
				CLANG_ENABLE_OBJC_ARC = YES;
				CLANG_ENABLE_OBJC_WEAK = YES;
				CLANG_WARN_BLOCK_CAPTURE_AUTORELEASING = YES;
				CLANG_WARN_BOOL_CONVERSION = YES;
				CLANG_WARN_COMMA = YES;
				CLANG_WARN_CONSTANT_CONVERSION = YES;
				CLANG_WARN_DEPRECATED_OBJC_IMPLEMENTATIONS = YES;
				CLANG_WARN_DIRECT_OBJC_ISA_USAGE = YES_ERROR;
				CLANG_WARN_DOCUMENTATION_COMMENTS = YES;
				CLANG_WARN_EMPTY_BODY = YES;
				CLANG_WARN_ENUM_CONVERSION = YES;
				CLANG_WARN_INFINITE_RECURSION = YES;
				CLANG_WARN_INT_CONVERSION = YES;
				CLANG_WARN_NON_LITERAL_NULL_CONVERSION = YES;
				CLANG_WARN_OBJC_IMPLICIT_RETAIN_SELF = YES;
				CLANG_WARN_OBJC_LITERAL_CONVERSION = YES;
				CLANG_WARN_OBJC_ROOT_CLASS = YES_ERROR;
				CLANG_WARN_QUOTED_INCLUDE_IN_FRAMEWORK_HEADER = YES;
				CLANG_WARN_RANGE_LOOP_ANALYSIS = YES;
				CLANG_WARN_STRICT_PROTOTYPES = YES;
				CLANG_WARN_SUSPICIOUS_MOVE = YES;
				CLANG_WARN_UNGUARDED_AVAILABILITY = YES_AGGRESSIVE;
				CLANG_WARN_UNREACHABLE_CODE = YES;
				CLANG_WARN__DUPLICATE_METHOD_MATCH = YES;
				COPY_PHASE_STRIP = NO;
				DEBUG_INFORMATION_FORMAT = "dwarf-with-dsym";
				ENABLE_NS_ASSERTIONS = NO;
				ENABLE_STRICT_OBJC_MSGSEND = YES;
				GCC_C_LANGUAGE_STANDARD = gnu11;
				GCC_NO_COMMON_BLOCKS = YES;
				GCC_WARN_64_TO_32_BIT_CONVERSION = YES;
				GCC_WARN_ABOUT_RETURN_TYPE = YES_ERROR;
				GCC_WARN_UNDECLARED_SELECTOR = YES;
				GCC_WARN_UNINITIALIZED_AUTOS = YES_AGGRESSIVE;
				GCC_WARN_UNUSED_FUNCTION = YES;
				GCC_WARN_UNUSED_VARIABLE = YES;
				IPHONEOS_DEPLOYMENT_TARGET = 16.0;
				MTL_ENABLE_DEBUG_INFO = NO;
				MTL_FAST_MATH = YES;
				SDKROOT = iphoneos;
				SWIFT_COMPILATION_MODE = wholemodule;
				SWIFT_OPTIMIZATION_LEVEL = "-O";
				VALIDATE_PRODUCT = YES;
			};
			name = Release;
		};
		ADCE061228EB2A6D002D1F97 /* Debug */ = {
			isa = XCBuildConfiguration;
			buildSettings = {
				ASSETCATALOG_COMPILER_APPICON_NAME = AppIcon;
				ASSETCATALOG_COMPILER_GLOBAL_ACCENT_COLOR_NAME = AccentColor;
				CODE_SIGN_STYLE = Automatic;
				CURRENT_PROJECT_VERSION = 1;
				DEVELOPMENT_ASSET_PATHS = "\"Intergalactic Travel/Preview Content\"";
				ENABLE_PREVIEWS = YES;
				GENERATE_INFOPLIST_FILE = YES;
				INFOPLIST_KEY_UIApplicationSceneManifest_Generation = YES;
				INFOPLIST_KEY_UIApplicationSupportsIndirectInputEvents = YES;
				INFOPLIST_KEY_UILaunchScreen_Generation = YES;
				INFOPLIST_KEY_UISupportedInterfaceOrientations_iPad = "UIInterfaceOrientationPortrait UIInterfaceOrientationPortraitUpsideDown UIInterfaceOrientationLandscapeLeft UIInterfaceOrientationLandscapeRight";
				INFOPLIST_KEY_UISupportedInterfaceOrientations_iPhone = "UIInterfaceOrientationPortrait UIInterfaceOrientationLandscapeLeft UIInterfaceOrientationLandscapeRight";
				LD_RUNPATH_SEARCH_PATHS = (
					"$(inherited)",
					"@executable_path/Frameworks",
				);
				MARKETING_VERSION = 1.0;
				PRODUCT_BUNDLE_IDENTIFIER = "Double-A.Intergalactic-Travel";
				PRODUCT_NAME = "$(TARGET_NAME)";
				SWIFT_EMIT_LOC_STRINGS = YES;
				SWIFT_VERSION = 5.0;
				TARGETED_DEVICE_FAMILY = "1,2";
			};
			name = Debug;
		};
		ADCE061328EB2A6D002D1F97 /* Release */ = {
			isa = XCBuildConfiguration;
			buildSettings = {
				ASSETCATALOG_COMPILER_APPICON_NAME = AppIcon;
				ASSETCATALOG_COMPILER_GLOBAL_ACCENT_COLOR_NAME = AccentColor;
				CODE_SIGN_STYLE = Automatic;
				CURRENT_PROJECT_VERSION = 1;
				DEVELOPMENT_ASSET_PATHS = "\"Intergalactic Travel/Preview Content\"";
				ENABLE_PREVIEWS = YES;
				GENERATE_INFOPLIST_FILE = YES;
				INFOPLIST_KEY_UIApplicationSceneManifest_Generation = YES;
				INFOPLIST_KEY_UIApplicationSupportsIndirectInputEvents = YES;
				INFOPLIST_KEY_UILaunchScreen_Generation = YES;
				INFOPLIST_KEY_UISupportedInterfaceOrientations_iPad = "UIInterfaceOrientationPortrait UIInterfaceOrientationPortraitUpsideDown UIInterfaceOrientationLandscapeLeft UIInterfaceOrientationLandscapeRight";
				INFOPLIST_KEY_UISupportedInterfaceOrientations_iPhone = "UIInterfaceOrientationPortrait UIInterfaceOrientationLandscapeLeft UIInterfaceOrientationLandscapeRight";
				LD_RUNPATH_SEARCH_PATHS = (
					"$(inherited)",
					"@executable_path/Frameworks",
				);
				MARKETING_VERSION = 1.0;
				PRODUCT_BUNDLE_IDENTIFIER = "Double-A.Intergalactic-Travel";
				PRODUCT_NAME = "$(TARGET_NAME)";
				SWIFT_EMIT_LOC_STRINGS = YES;
				SWIFT_VERSION = 5.0;
				TARGETED_DEVICE_FAMILY = "1,2";
			};
			name = Release;
		};
		ADCE061528EB2A6D002D1F97 /* Debug */ = {
			isa = XCBuildConfiguration;
			buildSettings = {
				ALWAYS_EMBED_SWIFT_STANDARD_LIBRARIES = YES;
				BUNDLE_LOADER = "$(TEST_HOST)";
				CODE_SIGN_STYLE = Automatic;
				CURRENT_PROJECT_VERSION = 1;
				GENERATE_INFOPLIST_FILE = YES;
				IPHONEOS_DEPLOYMENT_TARGET = 16.0;
				MARKETING_VERSION = 1.0;
				PRODUCT_BUNDLE_IDENTIFIER = "Double-A.Intergalactic-TravelTests";
				PRODUCT_NAME = "$(TARGET_NAME)";
				SWIFT_EMIT_LOC_STRINGS = NO;
				SWIFT_VERSION = 5.0;
				TARGETED_DEVICE_FAMILY = "1,2";
				TEST_HOST = "$(BUILT_PRODUCTS_DIR)/Intergalactic Travel.app/$(BUNDLE_EXECUTABLE_FOLDER_PATH)/Intergalactic Travel";
			};
			name = Debug;
		};
		ADCE061628EB2A6D002D1F97 /* Release */ = {
			isa = XCBuildConfiguration;
			buildSettings = {
				ALWAYS_EMBED_SWIFT_STANDARD_LIBRARIES = YES;
				BUNDLE_LOADER = "$(TEST_HOST)";
				CODE_SIGN_STYLE = Automatic;
				CURRENT_PROJECT_VERSION = 1;
				GENERATE_INFOPLIST_FILE = YES;
				IPHONEOS_DEPLOYMENT_TARGET = 16.0;
				MARKETING_VERSION = 1.0;
				PRODUCT_BUNDLE_IDENTIFIER = "Double-A.Intergalactic-TravelTests";
				PRODUCT_NAME = "$(TARGET_NAME)";
				SWIFT_EMIT_LOC_STRINGS = NO;
				SWIFT_VERSION = 5.0;
				TARGETED_DEVICE_FAMILY = "1,2";
				TEST_HOST = "$(BUILT_PRODUCTS_DIR)/Intergalactic Travel.app/$(BUNDLE_EXECUTABLE_FOLDER_PATH)/Intergalactic Travel";
			};
			name = Release;
		};
		ADCE061828EB2A6D002D1F97 /* Debug */ = {
			isa = XCBuildConfiguration;
			buildSettings = {
				ALWAYS_EMBED_SWIFT_STANDARD_LIBRARIES = YES;
				CODE_SIGN_STYLE = Automatic;
				CURRENT_PROJECT_VERSION = 1;
				GENERATE_INFOPLIST_FILE = YES;
				MARKETING_VERSION = 1.0;
				PRODUCT_BUNDLE_IDENTIFIER = "Double-A.Intergalactic-TravelUITests";
				PRODUCT_NAME = "$(TARGET_NAME)";
				SWIFT_EMIT_LOC_STRINGS = NO;
				SWIFT_VERSION = 5.0;
				TARGETED_DEVICE_FAMILY = "1,2";
				TEST_TARGET_NAME = "Intergalactic Travel";
			};
			name = Debug;
		};
		ADCE061928EB2A6D002D1F97 /* Release */ = {
			isa = XCBuildConfiguration;
			buildSettings = {
				ALWAYS_EMBED_SWIFT_STANDARD_LIBRARIES = YES;
				CODE_SIGN_STYLE = Automatic;
				CURRENT_PROJECT_VERSION = 1;
				GENERATE_INFOPLIST_FILE = YES;
				MARKETING_VERSION = 1.0;
				PRODUCT_BUNDLE_IDENTIFIER = "Double-A.Intergalactic-TravelUITests";
				PRODUCT_NAME = "$(TARGET_NAME)";
				SWIFT_EMIT_LOC_STRINGS = NO;
				SWIFT_VERSION = 5.0;
				TARGETED_DEVICE_FAMILY = "1,2";
				TEST_TARGET_NAME = "Intergalactic Travel";
			};
			name = Release;
		};
/* End XCBuildConfiguration section */

/* Begin XCConfigurationList section */
		ADCE05E828EB2A6B002D1F97 /* Build configuration list for PBXProject "Intergalactic Travel" */ = {
			isa = XCConfigurationList;
			buildConfigurations = (
				ADCE060F28EB2A6D002D1F97 /* Debug */,
				ADCE061028EB2A6D002D1F97 /* Release */,
			);
			defaultConfigurationIsVisible = 0;
			defaultConfigurationName = Release;
		};
		ADCE061128EB2A6D002D1F97 /* Build configuration list for PBXNativeTarget "Intergalactic Travel" */ = {
			isa = XCConfigurationList;
			buildConfigurations = (
				ADCE061228EB2A6D002D1F97 /* Debug */,
				ADCE061328EB2A6D002D1F97 /* Release */,
			);
			defaultConfigurationIsVisible = 0;
			defaultConfigurationName = Release;
		};
		ADCE061428EB2A6D002D1F97 /* Build configuration list for PBXNativeTarget "Intergalactic TravelTests" */ = {
			isa = XCConfigurationList;
			buildConfigurations = (
				ADCE061528EB2A6D002D1F97 /* Debug */,
				ADCE061628EB2A6D002D1F97 /* Release */,
			);
			defaultConfigurationIsVisible = 0;
			defaultConfigurationName = Release;
		};
		ADCE061728EB2A6D002D1F97 /* Build configuration list for PBXNativeTarget "Intergalactic TravelUITests" */ = {
			isa = XCConfigurationList;
			buildConfigurations = (
				ADCE061828EB2A6D002D1F97 /* Debug */,
				ADCE061928EB2A6D002D1F97 /* Release */,
			);
			defaultConfigurationIsVisible = 0;
			defaultConfigurationName = Release;
		};
/* End XCConfigurationList section */
	};
	rootObject = ADCE05E528EB2A6B002D1F97 /* Project object */;
}
